
Microsoft Visual Studio Solution File, Format Version 12.00
# Visual Studio Version 17
VisualStudioVersion = 17.12.35514.174
MinimumVisualStudioVersion = 10.0.40219.1
Project("{FAE04EC0-301F-11D3-BF4B-00C04F79EFBC}") = "NewEra_Cash_Carry", "NewEra_Cash&Carry\NewEra_Cash_Carry.csproj", "{928BB241-0FD3-401B-B130-7BCBADC7BABF}"
EndProject
Project("{FAE04EC0-301F-11D3-BF4B-00C04F79EFBC}") = "NewEra_Cash_Carry.Test", "NewEra_Cash_Carry.Test\NewEra_Cash_Carry.Test.csproj", "{433C0D2C-275D-4C1E-B991-704320671761}"
EndProject
Global
	GlobalSection(SolutionConfigurationPlatforms) = preSolution
		Debug|Any CPU = Debug|Any CPU
		Release|Any CPU = Release|Any CPU
	EndGlobalSection
	GlobalSection(ProjectConfigurationPlatforms) = postSolution
		{928BB241-0FD3-401B-B130-7BCBADC7BABF}.Debug|Any CPU.ActiveCfg = Debug|Any CPU
		{928BB241-0FD3-401B-B130-7BCBADC7BABF}.Debug|Any CPU.Build.0 = Debug|Any CPU
		{928BB241-0FD3-401B-B130-7BCBADC7BABF}.Release|Any CPU.ActiveCfg = Release|Any CPU
		{928BB241-0FD3-401B-B130-7BCBADC7BABF}.Release|Any CPU.Build.0 = Release|Any CPU
		{433C0D2C-275D-4C1E-B991-704320671761}.Debug|Any CPU.ActiveCfg = Debug|Any CPU
		{433C0D2C-275D-4C1E-B991-704320671761}.Debug|Any CPU.Build.0 = Debug|Any CPU
		{433C0D2C-275D-4C1E-B991-704320671761}.Release|Any CPU.ActiveCfg = Release|Any CPU
		{433C0D2C-275D-4C1E-B991-704320671761}.Release|Any CPU.Build.0 = Release|Any CPU
	EndGlobalSection
	GlobalSection(SolutionProperties) = preSolution
		HideSolutionNode = FALSE
	EndGlobalSection
EndGlobal
